
Microsoft Visual Studio Solution File, Format Version 12.00
# Visual Studio Version 17
VisualStudioVersion = 17.4.33205.214
MinimumVisualStudioVersion = 10.0.40219.1
Project("{FAE04EC0-301F-11D3-BF4B-00C04F79EFBC}") = "CRUD Web Application", "CRUD Web Application\CRUD Web Application.csproj", "{12694D2B-284F-4510-BFB6-C3A8A5EAE240}"
EndProject
Global
	GlobalSection(SolutionConfigurationPlatforms) = preSolution
		Debug|Any CPU = Debug|Any CPU
		Release|Any CPU = Release|Any CPU
	EndGlobalSection
	GlobalSection(ProjectConfigurationPlatforms) = postSolution
		{12694D2B-284F-4510-BFB6-C3A8A5EAE240}.Debug|Any CPU.ActiveCfg = Debug|Any CPU
		{12694D2B-284F-4510-BFB6-C3A8A5EAE240}.Debug|Any CPU.Build.0 = Debug|Any CPU
		{12694D2B-284F-4510-BFB6-C3A8A5EAE240}.Release|Any CPU.ActiveCfg = Release|Any CPU
		{12694D2B-284F-4510-BFB6-C3A8A5EAE240}.Release|Any CPU.Build.0 = Release|Any CPU
	EndGlobalSection
	GlobalSection(SolutionProperties) = preSolution
		HideSolutionNode = FALSE
	EndGlobalSection
	GlobalSection(ExtensibilityGlobals) = postSolution
		SolutionGuid = {103AE50C-5F3E-47AF-96DA-24FC71FA7D3A}
	EndGlobalSection
EndGlobal
